
Microsoft Visual Studio Solution File, Format Version 12.00
# Visual Studio Version 17
VisualStudioVersion = 17.3.32519.111
MinimumVisualStudioVersion = 10.0.40219.1
Project("{9A19103F-16F7-4668-BE54-9A1E7A4F7556}") = "BlazorExceptionApp", "BlazorExceptionApp.csproj", "{6384505C-67A2-460A-9F89-5C7FC4C9EBA3}"
EndProject
Project("{2150E333-8FDC-42A3-9474-1A3956D46DE8}") = "Solution Items", "Solution Items", "{52B03F52-653C-44ED-B474-AE8EFAE12A51}"
	ProjectSection(SolutionItems) = preProject
		.gitignore = .gitignore
	EndProjectSection
EndProject
Global
	GlobalSection(SolutionConfigurationPlatforms) = preSolution
		Debug|Any CPU = Debug|Any CPU
		Release|Any CPU = Release|Any CPU
	EndGlobalSection
	GlobalSection(ProjectConfigurationPlatforms) = postSolution
		{6384505C-67A2-460A-9F89-5C7FC4C9EBA3}.Debug|Any CPU.ActiveCfg = Debug|Any CPU
		{6384505C-67A2-460A-9F89-5C7FC4C9EBA3}.Debug|Any CPU.Build.0 = Debug|Any CPU
		{6384505C-67A2-460A-9F89-5C7FC4C9EBA3}.Release|Any CPU.ActiveCfg = Release|Any CPU
		{6384505C-67A2-460A-9F89-5C7FC4C9EBA3}.Release|Any CPU.Build.0 = Release|Any CPU
	EndGlobalSection
	GlobalSection(SolutionProperties) = preSolution
		HideSolutionNode = FALSE
	EndGlobalSection
	GlobalSection(ExtensibilityGlobals) = postSolution
		SolutionGuid = {83BEDC48-8D80-408A-BBD0-3E0050495825}
	EndGlobalSection
EndGlobal
